<?xml version="1.0" encoding="utf-8"?>
<Project ToolsVersion="4.0" xmlns="http://schemas.microsoft.com/developer/msbuild/2003">
  <ItemGroup>
    <ClCompile Include="..\..\tools\caffe.cpp" />
    <ClCompile Include="..\..\src\caffe\util\force_link.cpp" />
    <ClCompile Include="..\..\src\caffe\layer_factory.cpp" />
  </ItemGroup>
</Project>