<?xml version="1.0" encoding="utf-8"?>
<Project ToolsVersion="4.0" xmlns="http://schemas.microsoft.com/developer/msbuild/2003">
  <ItemGroup>
    <ClCompile Include="..\..\src\caffe\test\test_covariance_layer.cpp" />
    <ClCompile Include="..\..\src\gtest\gtest_main.cc" />
    <ClCompile Include="..\..\src\gtest\gtest-all.cpp" />
  </ItemGroup>
</Project>