<?xml version="1.0" encoding="utf-8"?>
<Project ToolsVersion="4.0" xmlns="http://schemas.microsoft.com/developer/msbuild/2003">
  <ItemGroup>
    <Filter Include="c_api">
      <UniqueIdentifier>{4a921bf9-253f-4361-97d9-0f4c0954af5c}</UniqueIdentifier>
    </Filter>
    <Filter Include="caffe_wrapper">
      <UniqueIdentifier>{bb4a6b6e-c530-40c7-ba40-483ad3b993e3}</UniqueIdentifier>
    </Filter>
    <Filter Include="nnvm_c_api">
      <UniqueIdentifier>{3f0cf4a2-a0c6-4608-877e-8ede28853e18}</UniqueIdentifier>
    </Filter>
  </ItemGroup>
  <ItemGroup>
    <ClCompile Include="..\..\..\mxnet\plugin\caffe\caffe_blob.cc">
      <Filter>caffe_wrapper</Filter>
    </ClCompile>
    <ClCompile Include="..\..\..\mxnet\plugin\caffe\caffe_common.cc">
      <Filter>caffe_wrapper</Filter>
    </ClCompile>
    <ClCompile Include="..\..\..\mxnet\plugin\caffe\caffe_data_iter.cc">
      <Filter>caffe_wrapper</Filter>
    </ClCompile>
    <ClCompile Include="..\..\..\mxnet\plugin\caffe\caffe_loss.cc">
      <Filter>caffe_wrapper</Filter>
    </ClCompile>
    <ClCompile Include="..\..\..\mxnet\plugin\caffe\caffe_op.cc">
      <Filter>caffe_wrapper</Filter>
    </ClCompile>
    <ClCompile Include="..\..\..\mxnet\plugin\caffe\caffe_stream.cc">
      <Filter>caffe_wrapper</Filter>
    </ClCompile>
    <ClCompile Include="..\..\..\mxnet\src\c_api\c_api_ndarray.cc">
      <Filter>c_api</Filter>
    </ClCompile>
    <ClCompile Include="..\..\..\mxnet\src\c_api\c_api_symbolic.cc">
      <Filter>c_api</Filter>
    </ClCompile>
    <ClCompile Include="..\..\..\mxnet\src\c_api\c_predict_api.cc">
      <Filter>c_api</Filter>
    </ClCompile>
    <ClCompile Include="..\..\..\mxnet\src\c_api\c_api.cc">
      <Filter>c_api</Filter>
    </ClCompile>
    <ClCompile Include="..\..\..\mxnet\src\c_api\c_api_error.cc">
      <Filter>c_api</Filter>
    </ClCompile>
    <ClCompile Include="..\..\..\mxnet\src\c_api\c_api_executor.cc">
      <Filter>c_api</Filter>
    </ClCompile>
    <ClCompile Include="..\..\..\mxnet\nnvm\src\c_api\nnvm_api_error.cc">
      <Filter>nnvm_c_api</Filter>
    </ClCompile>
    <ClCompile Include="..\..\..\mxnet\nnvm\src\c_api\nnvm_api_graph.cc">
      <Filter>nnvm_c_api</Filter>
    </ClCompile>
    <ClCompile Include="..\..\..\mxnet\nnvm\src\c_api\nnvm_api_symbolic.cc">
      <Filter>nnvm_c_api</Filter>
    </ClCompile>
  </ItemGroup>
  <ItemGroup>
    <ClInclude Include="..\..\..\mxnet\plugin\caffe\caffe_blob.h">
      <Filter>caffe_wrapper</Filter>
    </ClInclude>
    <ClInclude Include="..\..\..\mxnet\plugin\caffe\caffe_common.h">
      <Filter>caffe_wrapper</Filter>
    </ClInclude>
    <ClInclude Include="..\..\..\mxnet\plugin\caffe\caffe_fieldentry.h">
      <Filter>caffe_wrapper</Filter>
    </ClInclude>
    <ClInclude Include="..\..\..\mxnet\plugin\caffe\caffe_loss-inl.h">
      <Filter>caffe_wrapper</Filter>
    </ClInclude>
    <ClInclude Include="..\..\..\mxnet\plugin\caffe\caffe_op-inl.h">
      <Filter>caffe_wrapper</Filter>
    </ClInclude>
    <ClInclude Include="..\..\..\mxnet\plugin\caffe\caffe_stream.h">
      <Filter>caffe_wrapper</Filter>
    </ClInclude>
    <ClInclude Include="..\..\..\mxnet\src\c_api\c_api_common.h">
      <Filter>c_api</Filter>
    </ClInclude>
    <ClInclude Include="..\..\..\mxnet\nnvm\src\c_api\c_api_common.h">
      <Filter>nnvm_c_api</Filter>
    </ClInclude>
  </ItemGroup>
  <ItemGroup>
    <CudaCompile Include="..\..\..\mxnet\plugin\caffe\caffe_loss.cu">
      <Filter>caffe_wrapper</Filter>
    </CudaCompile>
    <CudaCompile Include="..\..\..\mxnet\plugin\caffe\caffe_op.cu">
      <Filter>caffe_wrapper</Filter>
    </CudaCompile>
  </ItemGroup>
</Project>