<?xml version="1.0" encoding="utf-8"?>
<Project ToolsVersion="4.0" xmlns="http://schemas.microsoft.com/developer/msbuild/2003">
  <ItemGroup>
    <Filter Include="c_api">
      <UniqueIdentifier>{4a921bf9-253f-4361-97d9-0f4c0954af5c}</UniqueIdentifier>
    </Filter>
    <Filter Include="caffe_wrapper">
      <UniqueIdentifier>{bb4a6b6e-c530-40c7-ba40-483ad3b993e3}</UniqueIdentifier>
    </Filter>
    <Filter Include="common">
      <UniqueIdentifier>{27cbe182-2529-49e5-860e-bcbc4fd102cd}</UniqueIdentifier>
    </Filter>
    <Filter Include="engine">
      <UniqueIdentifier>{f05d0653-1768-4c74-a396-6e0a30cad544}</UniqueIdentifier>
    </Filter>
    <Filter Include="include">
      <UniqueIdentifier>{8102a775-0c39-4deb-92d7-3200bb08c9cb}</UniqueIdentifier>
    </Filter>
    <Filter Include="io">
      <UniqueIdentifier>{1448cae0-087c-4fcb-be11-f6e404572074}</UniqueIdentifier>
    </Filter>
    <Filter Include="kvstore">
      <UniqueIdentifier>{db05d9d1-a357-41d2-92fc-6ede3714f42a}</UniqueIdentifier>
    </Filter>
    <Filter Include="mshadow">
      <UniqueIdentifier>{8e110454-a0f8-47d3-b21c-c9405d3c1423}</UniqueIdentifier>
    </Filter>
    <Filter Include="mshadow\cuda">
      <UniqueIdentifier>{11df3b69-2f78-4670-a377-e5de7cf31dcc}</UniqueIdentifier>
    </Filter>
    <Filter Include="mshadow\extension">
      <UniqueIdentifier>{7efc9377-46f7-4da2-b7aa-9ad7b4dfa53b}</UniqueIdentifier>
    </Filter>
    <Filter Include="mshadow\packet">
      <UniqueIdentifier>{bccd2406-e60c-4780-894c-5e99197fa7dc}</UniqueIdentifier>
    </Filter>
    <Filter Include="ndarray">
      <UniqueIdentifier>{bc86fbcb-f2de-4bcf-8b66-d5f9b9d40062}</UniqueIdentifier>
    </Filter>
    <Filter Include="operator">
      <UniqueIdentifier>{f33321c3-6c00-4faa-9866-c3246601a41b}</UniqueIdentifier>
    </Filter>
    <Filter Include="optimizer">
      <UniqueIdentifier>{10c93d7e-178f-4a3a-b6ab-2b81c415e6a7}</UniqueIdentifier>
    </Filter>
    <Filter Include="storage">
      <UniqueIdentifier>{df422e51-071b-4e43-ad52-d73f139723b7}</UniqueIdentifier>
    </Filter>
    <Filter Include="symbol">
      <UniqueIdentifier>{c070de8b-33a9-42e1-a183-9ec5b0643362}</UniqueIdentifier>
    </Filter>
  </ItemGroup>
  <ItemGroup>
    <ClCompile Include="..\..\..\mxnet\src\c_api\c_api.cc">
      <Filter>c_api</Filter>
    </ClCompile>
    <ClCompile Include="..\..\..\mxnet\src\c_api\c_api_error.cc">
      <Filter>c_api</Filter>
    </ClCompile>
    <ClCompile Include="..\..\..\mxnet\src\c_api\c_predict_api.cc">
      <Filter>c_api</Filter>
    </ClCompile>
    <ClCompile Include="..\..\..\mxnet\plugin\caffe\caffe_blob.cc">
      <Filter>caffe_wrapper</Filter>
    </ClCompile>
    <ClCompile Include="..\..\..\mxnet\plugin\caffe\caffe_common.cc">
      <Filter>caffe_wrapper</Filter>
    </ClCompile>
    <ClCompile Include="..\..\..\mxnet\plugin\caffe\caffe_loss.cc">
      <Filter>caffe_wrapper</Filter>
    </ClCompile>
    <ClCompile Include="..\..\..\mxnet\plugin\caffe\caffe_op.cc">
      <Filter>caffe_wrapper</Filter>
    </ClCompile>
    <ClCompile Include="..\..\..\mxnet\plugin\caffe\caffe_stream.cc">
      <Filter>caffe_wrapper</Filter>
    </ClCompile>
    <ClCompile Include="..\..\..\mxnet\src\common\mxrtc.cc">
      <Filter>common</Filter>
    </ClCompile>
    <ClCompile Include="..\..\..\mxnet\src\engine\engine.cc">
      <Filter>engine</Filter>
    </ClCompile>
    <ClCompile Include="..\..\..\mxnet\src\engine\naive_engine.cc">
      <Filter>engine</Filter>
    </ClCompile>
    <ClCompile Include="..\..\..\mxnet\src\engine\threaded_engine.cc">
      <Filter>engine</Filter>
    </ClCompile>
    <ClCompile Include="..\..\..\mxnet\src\engine\threaded_engine_perdevice.cc">
      <Filter>engine</Filter>
    </ClCompile>
    <ClCompile Include="..\..\..\mxnet\src\engine\threaded_engine_pooled.cc">
      <Filter>engine</Filter>
    </ClCompile>
    <ClCompile Include="..\..\..\mxnet\src\io\image_aug_default.cc">
      <Filter>io</Filter>
    </ClCompile>
    <ClCompile Include="..\..\..\mxnet\src\io\io.cc">
      <Filter>io</Filter>
    </ClCompile>
    <ClCompile Include="..\..\..\mxnet\src\io\iter_csv.cc">
      <Filter>io</Filter>
    </ClCompile>
    <ClCompile Include="..\..\..\mxnet\src\io\iter_image_recordio.cc">
      <Filter>io</Filter>
    </ClCompile>
    <ClCompile Include="..\..\..\mxnet\src\io\iter_mnist.cc">
      <Filter>io</Filter>
    </ClCompile>
    <ClCompile Include="..\..\..\mxnet\src\kvstore\kvstore.cc">
      <Filter>kvstore</Filter>
    </ClCompile>
    <ClCompile Include="..\..\..\mxnet\src\ndarray\ndarray.cc">
      <Filter>ndarray</Filter>
    </ClCompile>
    <ClCompile Include="..\..\..\mxnet\src\ndarray\ndarray_function.cc">
      <Filter>ndarray</Filter>
    </ClCompile>
    <ClCompile Include="..\..\..\mxnet\src\operator\activation.cc">
      <Filter>operator</Filter>
    </ClCompile>
    <ClCompile Include="..\..\..\mxnet\src\operator\batch_norm.cc">
      <Filter>operator</Filter>
    </ClCompile>
    <ClCompile Include="..\..\..\mxnet\src\operator\block_grad.cc">
      <Filter>operator</Filter>
    </ClCompile>
    <ClCompile Include="..\..\..\mxnet\src\operator\broadcast_reduce_op.cc">
      <Filter>operator</Filter>
    </ClCompile>
    <ClCompile Include="..\..\..\mxnet\src\operator\cast.cc">
      <Filter>operator</Filter>
    </ClCompile>
    <ClCompile Include="..\..\..\mxnet\src\operator\concat.cc">
      <Filter>operator</Filter>
    </ClCompile>
    <ClCompile Include="..\..\..\mxnet\src\operator\convolution.cc">
      <Filter>operator</Filter>
    </ClCompile>
    <ClCompile Include="..\..\..\mxnet\src\operator\correlation.cc">
      <Filter>operator</Filter>
    </ClCompile>
    <ClCompile Include="..\..\..\mxnet\src\operator\crop.cc">
      <Filter>operator</Filter>
    </ClCompile>
    <ClCompile Include="..\..\..\mxnet\src\operator\cross_device_copy.cc">
      <Filter>operator</Filter>
    </ClCompile>
    <ClCompile Include="..\..\..\mxnet\src\operator\cudnn_batch_norm.cc">
      <Filter>operator</Filter>
    </ClCompile>
    <ClCompile Include="..\..\..\mxnet\src\operator\cudnn_convolution.cc">
      <Filter>operator</Filter>
    </ClCompile>
    <ClCompile Include="..\..\..\mxnet\src\operator\custom.cc">
      <Filter>operator</Filter>
    </ClCompile>
    <ClCompile Include="..\..\..\mxnet\src\operator\deconvolution.cc">
      <Filter>operator</Filter>
    </ClCompile>
    <ClCompile Include="..\..\..\mxnet\src\operator\dropout.cc">
      <Filter>operator</Filter>
    </ClCompile>
    <ClCompile Include="..\..\..\mxnet\src\operator\elementwise_binary_broadcast_op.cc">
      <Filter>operator</Filter>
    </ClCompile>
    <ClCompile Include="..\..\..\mxnet\src\operator\elementwise_binary_op.cc">
      <Filter>operator</Filter>
    </ClCompile>
    <ClCompile Include="..\..\..\mxnet\src\operator\elementwise_binary_scalar_op.cc">
      <Filter>operator</Filter>
    </ClCompile>
    <ClCompile Include="..\..\..\mxnet\src\operator\elementwise_sum.cc">
      <Filter>operator</Filter>
    </ClCompile>
    <ClCompile Include="..\..\..\mxnet\src\operator\elementwise_unary_op.cc">
      <Filter>operator</Filter>
    </ClCompile>
    <ClCompile Include="..\..\..\mxnet\src\operator\embedding.cc">
      <Filter>operator</Filter>
    </ClCompile>
    <ClCompile Include="..\..\..\mxnet\src\operator\fully_connected.cc">
      <Filter>operator</Filter>
    </ClCompile>
    <ClCompile Include="..\..\..\mxnet\src\operator\identity_attach_KL_sparse_reg.cc">
      <Filter>operator</Filter>
    </ClCompile>
    <ClCompile Include="..\..\..\mxnet\src\operator\l2_normalization.cc">
      <Filter>operator</Filter>
    </ClCompile>
    <ClCompile Include="..\..\..\mxnet\src\operator\leaky_relu.cc">
      <Filter>operator</Filter>
    </ClCompile>
    <ClCompile Include="..\..\..\mxnet\src\operator\loss_binary_op.cc">
      <Filter>operator</Filter>
    </ClCompile>
    <ClCompile Include="..\..\..\mxnet\src\operator\lrn.cc">
      <Filter>operator</Filter>
    </ClCompile>
    <ClCompile Include="..\..\..\mxnet\src\operator\make_loss.cc">
      <Filter>operator</Filter>
    </ClCompile>
    <ClCompile Include="..\..\..\mxnet\src\operator\matrix_op.cc">
      <Filter>operator</Filter>
    </ClCompile>
    <ClCompile Include="..\..\..\mxnet\src\operator\native_op.cc">
      <Filter>operator</Filter>
    </ClCompile>
    <ClCompile Include="..\..\..\mxnet\src\operator\ndarray_op.cc">
      <Filter>operator</Filter>
    </ClCompile>
    <ClCompile Include="..\..\..\mxnet\src\operator\normalize.cc">
      <Filter>operator</Filter>
    </ClCompile>
    <ClCompile Include="..\..\..\mxnet\src\operator\operator.cc">
      <Filter>operator</Filter>
    </ClCompile>
    <ClCompile Include="..\..\..\mxnet\src\operator\operator_util.cc">
      <Filter>operator</Filter>
    </ClCompile>
    <ClCompile Include="..\..\..\mxnet\src\operator\pooling.cc">
      <Filter>operator</Filter>
    </ClCompile>
    <ClCompile Include="..\..\..\mxnet\src\operator\regression_output.cc">
      <Filter>operator</Filter>
    </ClCompile>
    <ClCompile Include="..\..\..\mxnet\src\operator\reshape.cc">
      <Filter>operator</Filter>
    </ClCompile>
    <ClCompile Include="..\..\..\mxnet\src\operator\rnn.cc">
      <Filter>operator</Filter>
    </ClCompile>
    <ClCompile Include="..\..\..\mxnet\src\operator\roi_pooling.cc">
      <Filter>operator</Filter>
    </ClCompile>
    <ClCompile Include="..\..\..\mxnet\src\operator\sample_op.cc">
      <Filter>operator</Filter>
    </ClCompile>
    <ClCompile Include="..\..\..\mxnet\src\operator\slice_channel.cc">
      <Filter>operator</Filter>
    </ClCompile>
    <ClCompile Include="..\..\..\mxnet\src\operator\smooth_l1_unary.cc">
      <Filter>operator</Filter>
    </ClCompile>
    <ClCompile Include="..\..\..\mxnet\src\operator\softmax_activation.cc">
      <Filter>operator</Filter>
    </ClCompile>
    <ClCompile Include="..\..\..\mxnet\src\operator\softmax_output.cc">
      <Filter>operator</Filter>
    </ClCompile>
    <ClCompile Include="..\..\..\mxnet\src\operator\spatial_transformer.cc">
      <Filter>operator</Filter>
    </ClCompile>
    <ClCompile Include="..\..\..\mxnet\src\operator\svm_output.cc">
      <Filter>operator</Filter>
    </ClCompile>
    <ClCompile Include="..\..\..\mxnet\src\operator\swapaxis.cc">
      <Filter>operator</Filter>
    </ClCompile>
    <ClCompile Include="..\..\..\mxnet\src\operator\upsampling.cc">
      <Filter>operator</Filter>
    </ClCompile>
    <ClCompile Include="..\..\..\mxnet\src\optimizer\optimizer.cc">
      <Filter>optimizer</Filter>
    </ClCompile>
    <ClCompile Include="..\..\..\mxnet\src\optimizer\sgd.cc">
      <Filter>optimizer</Filter>
    </ClCompile>
    <ClCompile Include="..\..\..\mxnet\src\storage\storage.cc">
      <Filter>storage</Filter>
    </ClCompile>
    <ClCompile Include="..\..\..\mxnet\src\symbol\graph_executor.cc">
      <Filter>symbol</Filter>
    </ClCompile>
    <ClCompile Include="..\..\..\mxnet\src\symbol\graph_memory_allocator.cc">
      <Filter>symbol</Filter>
    </ClCompile>
    <ClCompile Include="..\..\..\mxnet\src\symbol\static_graph.cc">
      <Filter>symbol</Filter>
    </ClCompile>
    <ClCompile Include="..\..\..\mxnet\src\symbol\symbol.cc">
      <Filter>symbol</Filter>
    </ClCompile>
    <ClCompile Include="..\..\..\mxnet\src\resource.cc" />
  </ItemGroup>
  <ItemGroup>
    <ClInclude Include="$(MXNetRoot)\plugin\caffe\caffe_blob.h">
      <Filter>caffe_wrapper</Filter>
    </ClInclude>
    <ClInclude Include="..\..\..\mxnet\src\c_api\c_api_error.h">
      <Filter>c_api</Filter>
    </ClInclude>
    <ClInclude Include="..\..\..\mxnet\plugin\caffe\caffe_common.h">
      <Filter>caffe_wrapper</Filter>
    </ClInclude>
    <ClInclude Include="..\..\..\mxnet\plugin\caffe\caffe_fieldentry.h">
      <Filter>caffe_wrapper</Filter>
    </ClInclude>
    <ClInclude Include="..\..\..\mxnet\plugin\caffe\caffe_loss-inl.h">
      <Filter>caffe_wrapper</Filter>
    </ClInclude>
    <ClInclude Include="..\..\..\mxnet\plugin\caffe\caffe_op-inl.h">
      <Filter>caffe_wrapper</Filter>
    </ClInclude>
    <ClInclude Include="..\..\..\mxnet\plugin\caffe\caffe_stream.h">
      <Filter>caffe_wrapper</Filter>
    </ClInclude>
    <ClInclude Include="..\..\..\mxnet\src\common\cuda_utils.h">
      <Filter>common</Filter>
    </ClInclude>
    <ClInclude Include="..\..\..\mxnet\src\common\lazy_alloc_array.h">
      <Filter>common</Filter>
    </ClInclude>
    <ClInclude Include="..\..\..\mxnet\src\common\object_pool.h">
      <Filter>common</Filter>
    </ClInclude>
    <ClInclude Include="..\..\..\mxnet\src\common\thread_local.h">
      <Filter>common</Filter>
    </ClInclude>
    <ClInclude Include="..\..\..\mxnet\src\common\utils.h">
      <Filter>common</Filter>
    </ClInclude>
    <ClInclude Include="..\..\..\mxnet\src\engine\engine_impl.h">
      <Filter>engine</Filter>
    </ClInclude>
    <ClInclude Include="..\..\..\mxnet\src\engine\stream_manager.h">
      <Filter>engine</Filter>
    </ClInclude>
    <ClInclude Include="..\..\..\mxnet\src\engine\threaded_engine.h">
      <Filter>engine</Filter>
    </ClInclude>
    <ClInclude Include="..\..\..\mxnet\src\engine\thread_pool.h">
      <Filter>engine</Filter>
    </ClInclude>
    <ClInclude Include="..\..\..\mxnet\include\mxnet\base.h">
      <Filter>include</Filter>
    </ClInclude>
    <ClInclude Include="..\..\..\mxnet\include\mxnet\c_api.h">
      <Filter>include</Filter>
    </ClInclude>
    <ClInclude Include="..\..\..\mxnet\include\mxnet\c_predict_api.h">
      <Filter>include</Filter>
    </ClInclude>
    <ClInclude Include="..\..\..\mxnet\include\mxnet\engine.h">
      <Filter>include</Filter>
    </ClInclude>
    <ClInclude Include="..\..\..\mxnet\include\mxnet\io.h">
      <Filter>include</Filter>
    </ClInclude>
    <ClInclude Include="..\..\..\mxnet\include\mxnet\kvstore.h">
      <Filter>include</Filter>
    </ClInclude>
    <ClInclude Include="..\..\..\mxnet\include\mxnet\mxrtc.h">
      <Filter>include</Filter>
    </ClInclude>
    <ClInclude Include="..\..\..\mxnet\include\mxnet\ndarray.h">
      <Filter>include</Filter>
    </ClInclude>
    <ClInclude Include="..\..\..\mxnet\include\mxnet\operator.h">
      <Filter>include</Filter>
    </ClInclude>
    <ClInclude Include="..\..\..\mxnet\include\mxnet\resource.h">
      <Filter>include</Filter>
    </ClInclude>
    <ClInclude Include="..\..\..\mxnet\include\mxnet\storage.h">
      <Filter>include</Filter>
    </ClInclude>
    <ClInclude Include="..\..\..\mxnet\include\mxnet\symbolic.h">
      <Filter>include</Filter>
    </ClInclude>
    <ClInclude Include="..\..\..\mxnet\src\io\image_augmenter.h">
      <Filter>io</Filter>
    </ClInclude>
    <ClInclude Include="..\..\..\mxnet\src\io\image_recordio.h">
      <Filter>io</Filter>
    </ClInclude>
    <ClInclude Include="..\..\..\mxnet\src\io\inst_vector.h">
      <Filter>io</Filter>
    </ClInclude>
    <ClInclude Include="..\..\..\mxnet\src\io\iter_batchloader.h">
      <Filter>io</Filter>
    </ClInclude>
    <ClInclude Include="..\..\..\mxnet\src\io\iter_normalize.h">
      <Filter>io</Filter>
    </ClInclude>
    <ClInclude Include="..\..\..\mxnet\src\io\iter_prefetcher.h">
      <Filter>io</Filter>
    </ClInclude>
    <ClInclude Include="..\..\..\mxnet\src\kvstore\kvstore_device.h">
      <Filter>kvstore</Filter>
    </ClInclude>
    <ClInclude Include="..\..\..\mxnet\src\kvstore\kvstore_dist.h">
      <Filter>kvstore</Filter>
    </ClInclude>
    <ClInclude Include="..\..\..\mxnet\src\kvstore\kvstore_dist_server.h">
      <Filter>kvstore</Filter>
    </ClInclude>
    <ClInclude Include="..\..\..\mxnet\src\kvstore\kvstore_local.h">
      <Filter>kvstore</Filter>
    </ClInclude>
    <ClInclude Include="..\..\..\mxnet\mshadow\mshadow\base.h">
      <Filter>mshadow</Filter>
    </ClInclude>
    <ClInclude Include="..\..\..\mxnet\mshadow\mshadow\dot_engine-inl.h">
      <Filter>mshadow</Filter>
    </ClInclude>
    <ClInclude Include="..\..\..\mxnet\mshadow\mshadow\expression.h">
      <Filter>mshadow</Filter>
    </ClInclude>
    <ClInclude Include="..\..\..\mxnet\mshadow\mshadow\expr_engine-inl.h">
      <Filter>mshadow</Filter>
    </ClInclude>
    <ClInclude Include="..\..\..\mxnet\mshadow\mshadow\expr_scalar-inl.h">
      <Filter>mshadow</Filter>
    </ClInclude>
    <ClInclude Include="..\..\..\mxnet\mshadow\mshadow\extension.h">
      <Filter>mshadow</Filter>
    </ClInclude>
    <ClInclude Include="..\..\..\mxnet\mshadow\mshadow\half.h">
      <Filter>mshadow</Filter>
    </ClInclude>
    <ClInclude Include="..\..\..\mxnet\mshadow\mshadow\io.h">
      <Filter>mshadow</Filter>
    </ClInclude>
    <ClInclude Include="..\..\..\mxnet\mshadow\mshadow\logging.h">
      <Filter>mshadow</Filter>
    </ClInclude>
    <ClInclude Include="..\..\..\mxnet\mshadow\mshadow\packet-inl.h">
      <Filter>mshadow</Filter>
    </ClInclude>
    <ClInclude Include="..\..\..\mxnet\mshadow\mshadow\random.h">
      <Filter>mshadow</Filter>
    </ClInclude>
    <ClInclude Include="..\..\..\mxnet\mshadow\mshadow\stream_gpu-inl.h">
      <Filter>mshadow</Filter>
    </ClInclude>
    <ClInclude Include="..\..\..\mxnet\mshadow\mshadow\tensor.h">
      <Filter>mshadow</Filter>
    </ClInclude>
    <ClInclude Include="..\..\..\mxnet\mshadow\mshadow\tensor_blob.h">
      <Filter>mshadow</Filter>
    </ClInclude>
    <ClInclude Include="..\..\..\mxnet\mshadow\mshadow\tensor_container.h">
      <Filter>mshadow</Filter>
    </ClInclude>
    <ClInclude Include="..\..\..\mxnet\mshadow\mshadow\tensor_cpu-inl.h">
      <Filter>mshadow</Filter>
    </ClInclude>
    <ClInclude Include="..\..\..\mxnet\mshadow\mshadow\tensor_gpu-inl.h">
      <Filter>mshadow</Filter>
    </ClInclude>
    <ClInclude Include="..\..\..\mxnet\mshadow\mshadow\cuda\reduce.cuh">
      <Filter>mshadow\cuda</Filter>
    </ClInclude>
    <ClInclude Include="..\..\..\mxnet\mshadow\mshadow\cuda\tensor_gpu-inl.cuh">
      <Filter>mshadow\cuda</Filter>
    </ClInclude>
    <ClInclude Include="..\..\..\mxnet\mshadow\mshadow\extension\broadcast.h">
      <Filter>mshadow\extension</Filter>
    </ClInclude>
    <ClInclude Include="..\..\..\mxnet\mshadow\mshadow\extension\broadcast_with_axis.h">
      <Filter>mshadow\extension</Filter>
    </ClInclude>
    <ClInclude Include="..\..\..\mxnet\mshadow\mshadow\extension\channel_pool.h">
      <Filter>mshadow\extension</Filter>
    </ClInclude>
    <ClInclude Include="..\..\..\mxnet\mshadow\mshadow\extension\channel_unpool.h">
      <Filter>mshadow\extension</Filter>
    </ClInclude>
    <ClInclude Include="..\..\..\mxnet\mshadow\mshadow\extension\choose.h">
      <Filter>mshadow\extension</Filter>
    </ClInclude>
    <ClInclude Include="..\..\..\mxnet\mshadow\mshadow\extension\complex.h">
      <Filter>mshadow\extension</Filter>
    </ClInclude>
    <ClInclude Include="..\..\..\mxnet\mshadow\mshadow\extension\concat.h">
      <Filter>mshadow\extension</Filter>
    </ClInclude>
    <ClInclude Include="..\..\..\mxnet\mshadow\mshadow\extension\crop.h">
      <Filter>mshadow\extension</Filter>
    </ClInclude>
    <ClInclude Include="..\..\..\mxnet\mshadow\mshadow\extension\fill.h">
      <Filter>mshadow\extension</Filter>
    </ClInclude>
    <ClInclude Include="..\..\..\mxnet\mshadow\mshadow\extension\flip.h">
      <Filter>mshadow\extension</Filter>
    </ClInclude>
    <ClInclude Include="..\..\..\mxnet\mshadow\mshadow\extension\implicit_gemm.h">
      <Filter>mshadow\extension</Filter>
    </ClInclude>
    <ClInclude Include="..\..\..\mxnet\mshadow\mshadow\extension\mirror.h">
      <Filter>mshadow\extension</Filter>
    </ClInclude>
    <ClInclude Include="..\..\..\mxnet\mshadow\mshadow\extension\one_hot.h">
      <Filter>mshadow\extension</Filter>
    </ClInclude>
    <ClInclude Include="..\..\..\mxnet\mshadow\mshadow\extension\pack_col2patch.h">
      <Filter>mshadow\extension</Filter>
    </ClInclude>
    <ClInclude Include="..\..\..\mxnet\mshadow\mshadow\extension\pad.h">
      <Filter>mshadow\extension</Filter>
    </ClInclude>
    <ClInclude Include="..\..\..\mxnet\mshadow\mshadow\extension\range.h">
      <Filter>mshadow\extension</Filter>
    </ClInclude>
    <ClInclude Include="..\..\..\mxnet\mshadow\mshadow\extension\reduceto1d.h">
      <Filter>mshadow\extension</Filter>
    </ClInclude>
    <ClInclude Include="..\..\..\mxnet\mshadow\mshadow\extension\reduce_with_axis.h">
      <Filter>mshadow\extension</Filter>
    </ClInclude>
    <ClInclude Include="..\..\..\mxnet\mshadow\mshadow\extension\reshape.h">
      <Filter>mshadow\extension</Filter>
    </ClInclude>
    <ClInclude Include="..\..\..\mxnet\mshadow\mshadow\extension\slice.h">
      <Filter>mshadow\extension</Filter>
    </ClInclude>
    <ClInclude Include="..\..\..\mxnet\mshadow\mshadow\extension\slice_ex.h">
      <Filter>mshadow\extension</Filter>
    </ClInclude>
    <ClInclude Include="..\..\..\mxnet\mshadow\mshadow\extension\spatial_pool.h">
      <Filter>mshadow\extension</Filter>
    </ClInclude>
    <ClInclude Include="..\..\..\mxnet\mshadow\mshadow\extension\spatial_unpool.h">
      <Filter>mshadow\extension</Filter>
    </ClInclude>
    <ClInclude Include="..\..\..\mxnet\mshadow\mshadow\extension\spatial_upsampling_nearest.h">
      <Filter>mshadow\extension</Filter>
    </ClInclude>
    <ClInclude Include="..\..\..\mxnet\mshadow\mshadow\extension\swapaxis.h">
      <Filter>mshadow\extension</Filter>
    </ClInclude>
    <ClInclude Include="..\..\..\mxnet\mshadow\mshadow\extension\take.h">
      <Filter>mshadow\extension</Filter>
    </ClInclude>
    <ClInclude Include="..\..\..\mxnet\mshadow\mshadow\extension\take_grad.h">
      <Filter>mshadow\extension</Filter>
    </ClInclude>
    <ClInclude Include="..\..\..\mxnet\mshadow\mshadow\extension\transpose.h">
      <Filter>mshadow\extension</Filter>
    </ClInclude>
    <ClInclude Include="..\..\..\mxnet\mshadow\mshadow\extension\unpack_patch2col.h">
      <Filter>mshadow\extension</Filter>
    </ClInclude>
    <ClInclude Include="..\..\..\mxnet\mshadow\mshadow\packet\plain-inl.h">
      <Filter>mshadow\packet</Filter>
    </ClInclude>
    <ClInclude Include="..\..\..\mxnet\mshadow\mshadow\packet\sse-inl.h">
      <Filter>mshadow\packet</Filter>
    </ClInclude>
    <ClInclude Include="..\..\..\mxnet\src\ndarray\ndarray_function-inl.h">
      <Filter>ndarray</Filter>
    </ClInclude>
    <ClInclude Include="..\..\..\mxnet\src\ndarray\ndarray_function.h">
      <Filter>ndarray</Filter>
    </ClInclude>
    <ClInclude Include="..\..\..\mxnet\src\operator\activation-inl.h">
      <Filter>operator</Filter>
    </ClInclude>
    <ClInclude Include="..\..\..\mxnet\src\operator\batch_norm-inl.h">
      <Filter>operator</Filter>
    </ClInclude>
    <ClInclude Include="..\..\..\mxnet\src\operator\block_grad-inl.h">
      <Filter>operator</Filter>
    </ClInclude>
    <ClInclude Include="..\..\..\mxnet\src\operator\broadcast_reduce_op-inl.h">
      <Filter>operator</Filter>
    </ClInclude>
    <ClInclude Include="..\..\..\mxnet\src\operator\broadcast_reduce_op_common.h">
      <Filter>operator</Filter>
    </ClInclude>
    <ClInclude Include="..\..\..\mxnet\src\operator\cast-inl.h">
      <Filter>operator</Filter>
    </ClInclude>
    <ClInclude Include="..\..\..\mxnet\src\operator\channel_op_common.h">
      <Filter>operator</Filter>
    </ClInclude>
    <ClInclude Include="..\..\..\mxnet\src\operator\concat-inl.h">
      <Filter>operator</Filter>
    </ClInclude>
    <ClInclude Include="..\..\..\mxnet\src\operator\convolution-inl.h">
      <Filter>operator</Filter>
    </ClInclude>
    <ClInclude Include="..\..\..\mxnet\src\operator\correlation-inl.h">
      <Filter>operator</Filter>
    </ClInclude>
    <ClInclude Include="..\..\..\mxnet\src\operator\crop-inl.h">
      <Filter>operator</Filter>
    </ClInclude>
    <ClInclude Include="..\..\..\mxnet\src\operator\cudnn_activation-inl.h">
      <Filter>operator</Filter>
    </ClInclude>
    <ClInclude Include="..\..\..\mxnet\src\operator\cudnn_batch_norm-inl.h">
      <Filter>operator</Filter>
    </ClInclude>
    <ClInclude Include="..\..\..\mxnet\src\operator\cudnn_convolution-inl.h">
      <Filter>operator</Filter>
    </ClInclude>
    <ClInclude Include="..\..\..\mxnet\src\operator\cudnn_deconvolution-inl.h">
      <Filter>operator</Filter>
    </ClInclude>
    <ClInclude Include="..\..\..\mxnet\src\operator\cudnn_lrn-inl.h">
      <Filter>operator</Filter>
    </ClInclude>
    <ClInclude Include="..\..\..\mxnet\src\operator\cudnn_pooling-inl.h">
      <Filter>operator</Filter>
    </ClInclude>
    <ClInclude Include="..\..\..\mxnet\src\operator\cudnn_rnn-inl.h">
      <Filter>operator</Filter>
    </ClInclude>
    <ClInclude Include="..\..\..\mxnet\src\operator\cudnn_softmax_activation-inl.h">
      <Filter>operator</Filter>
    </ClInclude>
    <ClInclude Include="..\..\..\mxnet\src\operator\cudnn_spatial_transformer-inl.h">
      <Filter>operator</Filter>
    </ClInclude>
    <ClInclude Include="..\..\..\mxnet\src\operator\custom-inl.h">
      <Filter>operator</Filter>
    </ClInclude>
    <ClInclude Include="..\..\..\mxnet\src\operator\deconvolution-inl.h">
      <Filter>operator</Filter>
    </ClInclude>
    <ClInclude Include="..\..\..\mxnet\src\operator\dropout-inl.h">
      <Filter>operator</Filter>
    </ClInclude>
    <ClInclude Include="..\..\..\mxnet\src\operator\elementwise_binary_broadcast_op-inl.h">
      <Filter>operator</Filter>
    </ClInclude>
    <ClInclude Include="..\..\..\mxnet\src\operator\elementwise_binary_op-inl.h">
      <Filter>operator</Filter>
    </ClInclude>
    <ClInclude Include="..\..\..\mxnet\src\operator\elementwise_binary_scalar_op-inl.h">
      <Filter>operator</Filter>
    </ClInclude>
    <ClInclude Include="..\..\..\mxnet\src\operator\elementwise_sum-inl.h">
      <Filter>operator</Filter>
    </ClInclude>
    <ClInclude Include="..\..\..\mxnet\src\operator\elementwise_unary_op-inl.h">
      <Filter>operator</Filter>
    </ClInclude>
    <ClInclude Include="..\..\..\mxnet\src\operator\embedding-inl.h">
      <Filter>operator</Filter>
    </ClInclude>
    <ClInclude Include="..\..\..\mxnet\src\operator\fully_connected-inl.h">
      <Filter>operator</Filter>
    </ClInclude>
    <ClInclude Include="..\..\..\mxnet\src\operator\identity_attach_KL_sparse_reg-inl.h">
      <Filter>operator</Filter>
    </ClInclude>
    <ClInclude Include="..\..\..\mxnet\src\operator\l2_normalization-inl.h">
      <Filter>operator</Filter>
    </ClInclude>
    <ClInclude Include="..\..\..\mxnet\src\operator\leaky_relu-inl.h">
      <Filter>operator</Filter>
    </ClInclude>
    <ClInclude Include="..\..\..\mxnet\src\operator\loss_binary_op-inl.h">
      <Filter>operator</Filter>
    </ClInclude>
    <ClInclude Include="..\..\..\mxnet\src\operator\lrn-inl.h">
      <Filter>operator</Filter>
    </ClInclude>
    <ClInclude Include="..\..\..\mxnet\src\operator\make_loss-inl.h">
      <Filter>operator</Filter>
    </ClInclude>
    <ClInclude Include="..\..\..\mxnet\src\operator\matrix_op-inl.h">
      <Filter>operator</Filter>
    </ClInclude>
    <ClInclude Include="..\..\..\mxnet\src\operator\mshadow_op.h">
      <Filter>operator</Filter>
    </ClInclude>
    <ClInclude Include="..\..\..\mxnet\src\operator\native_op-inl.h">
      <Filter>operator</Filter>
    </ClInclude>
    <ClInclude Include="..\..\..\mxnet\src\operator\ndarray_op-inl.h">
      <Filter>operator</Filter>
    </ClInclude>
    <ClInclude Include="..\..\..\mxnet\src\operator\normalize-inl.h">
      <Filter>operator</Filter>
    </ClInclude>
    <ClInclude Include="..\..\..\mxnet\src\operator\operator_common.h">
      <Filter>operator</Filter>
    </ClInclude>
    <ClInclude Include="..\..\..\mxnet\src\operator\pooling-inl.h">
      <Filter>operator</Filter>
    </ClInclude>
    <ClInclude Include="..\..\..\mxnet\src\operator\regression_output-inl.h">
      <Filter>operator</Filter>
    </ClInclude>
    <ClInclude Include="..\..\..\mxnet\src\operator\reshape-inl.h">
      <Filter>operator</Filter>
    </ClInclude>
    <ClInclude Include="..\..\..\mxnet\src\operator\rnn-inl.h">
      <Filter>operator</Filter>
    </ClInclude>
    <ClInclude Include="..\..\..\mxnet\src\operator\roi_pooling-inl.h">
      <Filter>operator</Filter>
    </ClInclude>
    <ClInclude Include="..\..\..\mxnet\src\operator\sample_op-inl.h">
      <Filter>operator</Filter>
    </ClInclude>
    <ClInclude Include="..\..\..\mxnet\src\operator\slice_channel-inl.h">
      <Filter>operator</Filter>
    </ClInclude>
    <ClInclude Include="..\..\..\mxnet\src\operator\smooth_l1_unary-inl.h">
      <Filter>operator</Filter>
    </ClInclude>
    <ClInclude Include="..\..\..\mxnet\src\operator\softmax_activation-inl.h">
      <Filter>operator</Filter>
    </ClInclude>
    <ClInclude Include="..\..\..\mxnet\src\operator\softmax_output-inl.h">
      <Filter>operator</Filter>
    </ClInclude>
    <ClInclude Include="..\..\..\mxnet\src\operator\spatial_transformer-inl.h">
      <Filter>operator</Filter>
    </ClInclude>
    <ClInclude Include="..\..\..\mxnet\src\operator\svm_output-inl.h">
      <Filter>operator</Filter>
    </ClInclude>
    <ClInclude Include="..\..\..\mxnet\src\operator\swapaxis-inl.h">
      <Filter>operator</Filter>
    </ClInclude>
    <ClInclude Include="..\..\..\mxnet\src\operator\upsampling-inl.h">
      <Filter>operator</Filter>
    </ClInclude>
    <ClInclude Include="..\..\..\mxnet\src\optimizer\sgd-inl.h">
      <Filter>optimizer</Filter>
    </ClInclude>
    <ClInclude Include="..\..\..\mxnet\src\storage\cpu_device_storage.h">
      <Filter>storage</Filter>
    </ClInclude>
    <ClInclude Include="..\..\..\mxnet\src\storage\gpu_device_storage.h">
      <Filter>storage</Filter>
    </ClInclude>
    <ClInclude Include="..\..\..\mxnet\src\storage\naive_storage_manager.h">
      <Filter>storage</Filter>
    </ClInclude>
    <ClInclude Include="..\..\..\mxnet\src\storage\pinned_memory_storage.h">
      <Filter>storage</Filter>
    </ClInclude>
    <ClInclude Include="..\..\..\mxnet\src\storage\pooled_storage_manager.h">
      <Filter>storage</Filter>
    </ClInclude>
    <ClInclude Include="..\..\..\mxnet\src\storage\storage_manager.h">
      <Filter>storage</Filter>
    </ClInclude>
    <ClInclude Include="..\..\..\mxnet\src\symbol\graph_algorithm.h">
      <Filter>symbol</Filter>
    </ClInclude>
    <ClInclude Include="..\..\..\mxnet\src\symbol\graph_executor.h">
      <Filter>symbol</Filter>
    </ClInclude>
    <ClInclude Include="..\..\..\mxnet\src\symbol\graph_memory_allocator.h">
      <Filter>symbol</Filter>
    </ClInclude>
    <ClInclude Include="..\..\..\mxnet\src\symbol\static_graph.h">
      <Filter>symbol</Filter>
    </ClInclude>
  </ItemGroup>
  <ItemGroup>
    <CudaCompile Include="..\..\..\mxnet\plugin\caffe\caffe_loss.cu">
      <Filter>caffe_wrapper</Filter>
    </CudaCompile>
    <CudaCompile Include="..\..\..\mxnet\plugin\caffe\caffe_op.cu">
      <Filter>caffe_wrapper</Filter>
    </CudaCompile>
    <CudaCompile Include="..\..\..\mxnet\src\ndarray\ndarray_function.cu">
      <Filter>ndarray</Filter>
    </CudaCompile>
    <CudaCompile Include="..\..\..\mxnet\src\operator\activation.cu">
      <Filter>operator</Filter>
    </CudaCompile>
    <CudaCompile Include="..\..\..\mxnet\src\operator\batch_norm.cu">
      <Filter>operator</Filter>
    </CudaCompile>
    <CudaCompile Include="..\..\..\mxnet\src\operator\block_grad.cu">
      <Filter>operator</Filter>
    </CudaCompile>
    <CudaCompile Include="..\..\..\mxnet\src\operator\broadcast_reduce_op.cu">
      <Filter>operator</Filter>
    </CudaCompile>
    <CudaCompile Include="..\..\..\mxnet\src\operator\cast.cu">
      <Filter>operator</Filter>
    </CudaCompile>
    <CudaCompile Include="..\..\..\mxnet\src\operator\concat.cu">
      <Filter>operator</Filter>
    </CudaCompile>
    <CudaCompile Include="..\..\..\mxnet\src\operator\convolution.cu">
      <Filter>operator</Filter>
    </CudaCompile>
    <CudaCompile Include="..\..\..\mxnet\src\operator\correlation.cu">
      <Filter>operator</Filter>
    </CudaCompile>
    <CudaCompile Include="..\..\..\mxnet\src\operator\crop.cu">
      <Filter>operator</Filter>
    </CudaCompile>
    <CudaCompile Include="..\..\..\mxnet\src\operator\cudnn_batch_norm.cu">
      <Filter>operator</Filter>
    </CudaCompile>
    <CudaCompile Include="..\..\..\mxnet\src\operator\deconvolution.cu">
      <Filter>operator</Filter>
    </CudaCompile>
    <CudaCompile Include="..\..\..\mxnet\src\operator\dropout.cu">
      <Filter>operator</Filter>
    </CudaCompile>
    <CudaCompile Include="..\..\..\mxnet\src\operator\elementwise_binary_broadcast_op.cu">
      <Filter>operator</Filter>
    </CudaCompile>
    <CudaCompile Include="..\..\..\mxnet\src\operator\elementwise_binary_op.cu">
      <Filter>operator</Filter>
    </CudaCompile>
    <CudaCompile Include="..\..\..\mxnet\src\operator\elementwise_binary_scalar_op.cu">
      <Filter>operator</Filter>
    </CudaCompile>
    <CudaCompile Include="..\..\..\mxnet\src\operator\elementwise_sum.cu">
      <Filter>operator</Filter>
    </CudaCompile>
    <CudaCompile Include="..\..\..\mxnet\src\operator\elementwise_unary_op.cu">
      <Filter>operator</Filter>
    </CudaCompile>
    <CudaCompile Include="..\..\..\mxnet\src\operator\embedding.cu">
      <Filter>operator</Filter>
    </CudaCompile>
    <CudaCompile Include="..\..\..\mxnet\src\operator\fully_connected.cu">
      <Filter>operator</Filter>
    </CudaCompile>
    <CudaCompile Include="..\..\..\mxnet\src\operator\identity_attach_KL_sparse_reg.cu">
      <Filter>operator</Filter>
    </CudaCompile>
    <CudaCompile Include="..\..\..\mxnet\src\operator\l2_normalization.cu">
      <Filter>operator</Filter>
    </CudaCompile>
    <CudaCompile Include="..\..\..\mxnet\src\operator\leaky_relu.cu">
      <Filter>operator</Filter>
    </CudaCompile>
    <CudaCompile Include="..\..\..\mxnet\src\operator\loss_binary_op.cu">
      <Filter>operator</Filter>
    </CudaCompile>
    <CudaCompile Include="..\..\..\mxnet\src\operator\lrn.cu">
      <Filter>operator</Filter>
    </CudaCompile>
    <CudaCompile Include="..\..\..\mxnet\src\operator\make_loss.cu">
      <Filter>operator</Filter>
    </CudaCompile>
    <CudaCompile Include="..\..\..\mxnet\src\operator\matrix_op.cu">
      <Filter>operator</Filter>
    </CudaCompile>
    <CudaCompile Include="..\..\..\mxnet\src\operator\native_op.cu">
      <Filter>operator</Filter>
    </CudaCompile>
    <CudaCompile Include="..\..\..\mxnet\src\operator\normalize.cu">
      <Filter>operator</Filter>
    </CudaCompile>
    <CudaCompile Include="..\..\..\mxnet\src\operator\pooling.cu">
      <Filter>operator</Filter>
    </CudaCompile>
    <CudaCompile Include="..\..\..\mxnet\src\operator\regression_output.cu">
      <Filter>operator</Filter>
    </CudaCompile>
    <CudaCompile Include="..\..\..\mxnet\src\operator\reshape.cu">
      <Filter>operator</Filter>
    </CudaCompile>
    <CudaCompile Include="..\..\..\mxnet\src\operator\rnn.cu">
      <Filter>operator</Filter>
    </CudaCompile>
    <CudaCompile Include="..\..\..\mxnet\src\operator\roi_pooling.cu">
      <Filter>operator</Filter>
    </CudaCompile>
    <CudaCompile Include="..\..\..\mxnet\src\operator\sample_op.cu">
      <Filter>operator</Filter>
    </CudaCompile>
    <CudaCompile Include="..\..\..\mxnet\src\operator\slice_channel.cu">
      <Filter>operator</Filter>
    </CudaCompile>
    <CudaCompile Include="..\..\..\mxnet\src\operator\smooth_l1_unary.cu">
      <Filter>operator</Filter>
    </CudaCompile>
    <CudaCompile Include="..\..\..\mxnet\src\operator\softmax_activation.cu">
      <Filter>operator</Filter>
    </CudaCompile>
    <CudaCompile Include="..\..\..\mxnet\src\operator\softmax_output.cu">
      <Filter>operator</Filter>
    </CudaCompile>
    <CudaCompile Include="..\..\..\mxnet\src\operator\spatial_transformer.cu">
      <Filter>operator</Filter>
    </CudaCompile>
    <CudaCompile Include="..\..\..\mxnet\src\operator\svm_output.cu">
      <Filter>operator</Filter>
    </CudaCompile>
    <CudaCompile Include="..\..\..\mxnet\src\operator\swapaxis.cu">
      <Filter>operator</Filter>
    </CudaCompile>
    <CudaCompile Include="..\..\..\mxnet\src\operator\upsampling.cu">
      <Filter>operator</Filter>
    </CudaCompile>
    <CudaCompile Include="..\..\..\mxnet\src\optimizer\sgd.cu">
      <Filter>optimizer</Filter>
    </CudaCompile>
  </ItemGroup>
  <ItemGroup>
    <None Include="..\..\..\mxnet\mshadow\mshadow\README.md">
      <Filter>mshadow</Filter>
    </None>
  </ItemGroup>
</Project>