<?xml version="1.0" encoding="utf-8"?>
<Project ToolsVersion="4.0" xmlns="http://schemas.microsoft.com/developer/msbuild/2003">
  <ItemGroup>
    <ClCompile Include="..\..\src\caffe\util\benchmark.cpp">
      <Filter>util</Filter>
    </ClCompile>
    <ClCompile Include="..\..\src\caffe\util\blocking_queue.cpp">
      <Filter>util</Filter>
    </ClCompile>
    <ClCompile Include="..\..\src\caffe\util\cudnn.cpp">
      <Filter>util</Filter>
    </ClCompile>
    <ClCompile Include="..\..\src\caffe\util\db.cpp">
      <Filter>util</Filter>
    </ClCompile>
    <ClCompile Include="..\..\src\caffe\util\db_leveldb.cpp">
      <Filter>util</Filter>
    </ClCompile>
    <ClCompile Include="..\..\src\caffe\util\db_lmdb.cpp">
      <Filter>util</Filter>
    </ClCompile>
    <ClCompile Include="..\..\src\caffe\util\hdf5.cpp">
      <Filter>util</Filter>
    </ClCompile>
    <ClCompile Include="..\..\src\caffe\util\im2col.cpp">
      <Filter>util</Filter>
    </ClCompile>
    <ClCompile Include="..\..\src\caffe\util\insert_splits.cpp">
      <Filter>util</Filter>
    </ClCompile>
    <ClCompile Include="..\..\src\caffe\util\io.cpp">
      <Filter>util</Filter>
    </ClCompile>
    <ClCompile Include="..\..\src\caffe\util\math_functions.cpp">
      <Filter>util</Filter>
    </ClCompile>
    <ClCompile Include="..\..\src\caffe\util\signal_handler.cpp">
      <Filter>util</Filter>
    </ClCompile>
    <ClCompile Include="..\..\src\caffe\util\upgrade_proto.cpp">
      <Filter>util</Filter>
    </ClCompile>
    <ClCompile Include="..\..\src\caffe\proto\caffe.pb.cc">
      <Filter>proto</Filter>
    </ClCompile>
    <ClCompile Include="..\..\src\caffe\solvers\adadelta_solver.cpp">
      <Filter>solvers</Filter>
    </ClCompile>
    <ClCompile Include="..\..\src\caffe\solvers\adagrad_solver.cpp">
      <Filter>solvers</Filter>
    </ClCompile>
    <ClCompile Include="..\..\src\caffe\solvers\adam_solver.cpp">
      <Filter>solvers</Filter>
    </ClCompile>
    <ClCompile Include="..\..\src\caffe\solvers\nesterov_solver.cpp">
      <Filter>solvers</Filter>
    </ClCompile>
    <ClCompile Include="..\..\src\caffe\solvers\rmsprop_solver.cpp">
      <Filter>solvers</Filter>
    </ClCompile>
    <ClCompile Include="..\..\src\caffe\solvers\sgd_solver.cpp">
      <Filter>solvers</Filter>
    </ClCompile>
    <ClCompile Include="..\..\src\caffe\blob.cpp" />
    <ClCompile Include="..\..\src\caffe\common.cpp" />
    <ClCompile Include="..\..\src\caffe\data_reader.cpp" />
    <ClCompile Include="..\..\src\caffe\data_transformer.cpp" />
    <ClCompile Include="..\..\src\caffe\internal_thread.cpp" />
    <ClCompile Include="..\..\src\caffe\layer.cpp" />
    <ClCompile Include="..\..\src\caffe\layer_factory.cpp" />
    <ClCompile Include="..\..\src\caffe\net.cpp" />
    <ClCompile Include="..\..\src\caffe\parallel.cpp" />
    <ClCompile Include="..\..\src\caffe\solver.cpp" />
    <ClCompile Include="..\..\src\caffe\syncedmem.cpp" />
    <ClCompile Include="..\..\src\caffe\layers\batch_norm_layer.cpp">
      <Filter>layers</Filter>
    </ClCompile>
    <ClCompile Include="..\..\src\caffe\layers\batch_reindex_layer.cpp">
      <Filter>layers</Filter>
    </ClCompile>
    <ClCompile Include="..\..\src\caffe\layers\bias_layer.cpp">
      <Filter>layers</Filter>
    </ClCompile>
    <ClCompile Include="..\..\src\caffe\layers\bn_layer.cpp">
      <Filter>layers</Filter>
    </ClCompile>
    <ClCompile Include="..\..\src\caffe\layers\bnll_layer.cpp">
      <Filter>layers</Filter>
    </ClCompile>
    <ClCompile Include="..\..\src\caffe\layers\concat_layer.cpp">
      <Filter>layers</Filter>
    </ClCompile>
    <ClCompile Include="..\..\src\caffe\layers\contrastive_loss_layer.cpp">
      <Filter>layers</Filter>
    </ClCompile>
    <ClCompile Include="..\..\src\caffe\layers\conv_layer.cpp">
      <Filter>layers</Filter>
    </ClCompile>
    <ClCompile Include="..\..\src\caffe\layers\cudnn_conv_layer.cpp">
      <Filter>layers</Filter>
    </ClCompile>
    <ClCompile Include="..\..\src\caffe\layers\cudnn_lcn_layer.cpp">
      <Filter>layers</Filter>
    </ClCompile>
    <ClCompile Include="..\..\src\caffe\layers\cudnn_lrn_layer.cpp">
      <Filter>layers</Filter>
    </ClCompile>
    <ClCompile Include="..\..\src\caffe\layers\cudnn_pooling_layer.cpp">
      <Filter>layers</Filter>
    </ClCompile>
    <ClCompile Include="..\..\src\caffe\layers\cudnn_relu_layer.cpp">
      <Filter>layers</Filter>
    </ClCompile>
    <ClCompile Include="..\..\src\caffe\layers\cudnn_sigmoid_layer.cpp">
      <Filter>layers</Filter>
    </ClCompile>
    <ClCompile Include="..\..\src\caffe\layers\cudnn_softmax_layer.cpp">
      <Filter>layers</Filter>
    </ClCompile>
    <ClCompile Include="..\..\src\caffe\layers\cudnn_tanh_layer.cpp">
      <Filter>layers</Filter>
    </ClCompile>
    <ClCompile Include="..\..\src\caffe\layers\data_layer.cpp">
      <Filter>layers</Filter>
    </ClCompile>
    <ClCompile Include="..\..\src\caffe\layers\deconv_layer.cpp">
      <Filter>layers</Filter>
    </ClCompile>
    <ClCompile Include="..\..\src\caffe\layers\dropout_layer.cpp">
      <Filter>layers</Filter>
    </ClCompile>
    <ClCompile Include="..\..\src\caffe\layers\dummy_data_layer.cpp">
      <Filter>layers</Filter>
    </ClCompile>
    <ClCompile Include="..\..\src\caffe\layers\eltwise_layer.cpp">
      <Filter>layers</Filter>
    </ClCompile>
    <ClCompile Include="..\..\src\caffe\layers\elu_layer.cpp">
      <Filter>layers</Filter>
    </ClCompile>
    <ClCompile Include="..\..\src\caffe\layers\embed_layer.cpp">
      <Filter>layers</Filter>
    </ClCompile>
    <ClCompile Include="..\..\src\caffe\layers\euclidean_loss_layer.cpp">
      <Filter>layers</Filter>
    </ClCompile>
    <ClCompile Include="..\..\src\caffe\layers\exp_layer.cpp">
      <Filter>layers</Filter>
    </ClCompile>
    <ClCompile Include="..\..\src\caffe\layers\filter_layer.cpp">
      <Filter>layers</Filter>
    </ClCompile>
    <ClCompile Include="..\..\src\caffe\layers\flatten_layer.cpp">
      <Filter>layers</Filter>
    </ClCompile>
    <ClCompile Include="..\..\src\caffe\layers\gram_layer.cpp">
      <Filter>layers</Filter>
    </ClCompile>
    <ClCompile Include="..\..\src\caffe\layers\hdf5_data_layer.cpp">
      <Filter>layers</Filter>
    </ClCompile>
    <ClCompile Include="..\..\src\caffe\layers\hdf5_output_layer.cpp">
      <Filter>layers</Filter>
    </ClCompile>
    <ClCompile Include="..\..\src\caffe\layers\hinge_loss_layer.cpp">
      <Filter>layers</Filter>
    </ClCompile>
    <ClCompile Include="..\..\src\caffe\layers\im2col_layer.cpp">
      <Filter>layers</Filter>
    </ClCompile>
    <ClCompile Include="..\..\src\caffe\layers\image_data_layer.cpp">
      <Filter>layers</Filter>
    </ClCompile>
    <ClCompile Include="..\..\src\caffe\layers\infogain_loss_layer.cpp">
      <Filter>layers</Filter>
    </ClCompile>
    <ClCompile Include="..\..\src\caffe\layers\inner_product_layer.cpp">
      <Filter>layers</Filter>
    </ClCompile>
    <ClCompile Include="..\..\src\caffe\layers\insanity_layer.cpp">
      <Filter>layers</Filter>
    </ClCompile>
    <ClCompile Include="..\..\src\caffe\layers\local_layer.cpp">
      <Filter>layers</Filter>
    </ClCompile>
    <ClCompile Include="..\..\src\caffe\layers\log_layer.cpp">
      <Filter>layers</Filter>
    </ClCompile>
    <ClCompile Include="..\..\src\caffe\layers\loss_layer.cpp">
      <Filter>layers</Filter>
    </ClCompile>
    <ClCompile Include="..\..\src\caffe\layers\lrn_layer.cpp">
      <Filter>layers</Filter>
    </ClCompile>
    <ClCompile Include="..\..\src\caffe\layers\memory_data_layer.cpp">
      <Filter>layers</Filter>
    </ClCompile>
    <ClCompile Include="..\..\src\caffe\layers\multi_label_image_data_layer.cpp">
      <Filter>layers</Filter>
    </ClCompile>
    <ClCompile Include="..\..\src\caffe\layers\multinomial_logistic_loss_layer.cpp">
      <Filter>layers</Filter>
    </ClCompile>
    <ClCompile Include="..\..\src\caffe\layers\mvn_layer.cpp">
      <Filter>layers</Filter>
    </ClCompile>
    <ClCompile Include="..\..\src\caffe\layers\neuron_layer.cpp">
      <Filter>layers</Filter>
    </ClCompile>
    <ClCompile Include="..\..\src\caffe\layers\noise_layer.cpp">
      <Filter>layers</Filter>
    </ClCompile>
    <ClCompile Include="..\..\src\caffe\layers\normalize_layer.cpp">
      <Filter>layers</Filter>
    </ClCompile>
    <ClCompile Include="..\..\src\caffe\layers\pooling_layer.cpp">
      <Filter>layers</Filter>
    </ClCompile>
    <ClCompile Include="..\..\src\caffe\layers\power_layer.cpp">
      <Filter>layers</Filter>
    </ClCompile>
    <ClCompile Include="..\..\src\caffe\layers\prelu_layer.cpp">
      <Filter>layers</Filter>
    </ClCompile>
    <ClCompile Include="..\..\src\caffe\layers\reduction_layer.cpp">
      <Filter>layers</Filter>
    </ClCompile>
    <ClCompile Include="..\..\src\caffe\layers\relu_layer.cpp">
      <Filter>layers</Filter>
    </ClCompile>
    <ClCompile Include="..\..\src\caffe\layers\reshape_layer.cpp">
      <Filter>layers</Filter>
    </ClCompile>
    <ClCompile Include="..\..\src\caffe\layers\roi_pooling_layer.cpp">
      <Filter>layers</Filter>
    </ClCompile>
    <ClCompile Include="..\..\src\caffe\layers\scale_layer.cpp">
      <Filter>layers</Filter>
    </ClCompile>
    <ClCompile Include="..\..\src\caffe\layers\sigmoid_cross_entropy_loss_layer.cpp">
      <Filter>layers</Filter>
    </ClCompile>
    <ClCompile Include="..\..\src\caffe\layers\sigmoid_layer.cpp">
      <Filter>layers</Filter>
    </ClCompile>
    <ClCompile Include="..\..\src\caffe\layers\silence_layer.cpp">
      <Filter>layers</Filter>
    </ClCompile>
    <ClCompile Include="..\..\src\caffe\layers\slice_layer.cpp">
      <Filter>layers</Filter>
    </ClCompile>
    <ClCompile Include="..\..\src\caffe\layers\smooth_L1_loss_layer.cpp">
      <Filter>layers</Filter>
    </ClCompile>
    <ClCompile Include="..\..\src\caffe\layers\softmax_layer.cpp">
      <Filter>layers</Filter>
    </ClCompile>
    <ClCompile Include="..\..\src\caffe\layers\softmax_loss_layer.cpp">
      <Filter>layers</Filter>
    </ClCompile>
    <ClCompile Include="..\..\src\caffe\layers\split_layer.cpp">
      <Filter>layers</Filter>
    </ClCompile>
    <ClCompile Include="..\..\src\caffe\layers\spp_layer.cpp">
      <Filter>layers</Filter>
    </ClCompile>
    <ClCompile Include="..\..\src\caffe\layers\subregion_layer.cpp">
      <Filter>layers</Filter>
    </ClCompile>
    <ClCompile Include="..\..\src\caffe\layers\tanh_layer.cpp">
      <Filter>layers</Filter>
    </ClCompile>
    <ClCompile Include="..\..\src\caffe\layers\threshold_layer.cpp">
      <Filter>layers</Filter>
    </ClCompile>
    <ClCompile Include="..\..\src\caffe\layers\tile_layer.cpp">
      <Filter>layers</Filter>
    </ClCompile>
    <ClCompile Include="..\..\src\caffe\layers\transformer_layer.cpp">
      <Filter>layers</Filter>
    </ClCompile>
    <ClCompile Include="..\..\src\caffe\layers\triplet_loss_layer.cpp">
      <Filter>layers</Filter>
    </ClCompile>
    <ClCompile Include="..\..\src\caffe\layers\window_data_layer.cpp">
      <Filter>layers</Filter>
    </ClCompile>
    <ClCompile Include="..\..\src\caffe\layers\absval_layer.cpp">
      <Filter>layers</Filter>
    </ClCompile>
    <ClCompile Include="..\..\src\caffe\layers\accuracy_layer.cpp">
      <Filter>layers</Filter>
    </ClCompile>
    <ClCompile Include="..\..\src\caffe\layers\argmax_layer.cpp">
      <Filter>layers</Filter>
    </ClCompile>
    <ClCompile Include="..\..\src\caffe\layers\base_conv_layer.cpp">
      <Filter>layers</Filter>
    </ClCompile>
    <ClCompile Include="..\..\src\caffe\layers\base_data_layer.cpp">
      <Filter>layers</Filter>
    </ClCompile>
    <ClCompile Include="..\..\src\caffe\layers\hotspot_layer.cpp">
      <Filter>layers</Filter>
    </ClCompile>
  </ItemGroup>
  <ItemGroup>
    <ClInclude Include="..\..\src\caffe\proto\caffe.pb.h">
      <Filter>proto</Filter>
    </ClInclude>
    <ClInclude Include="..\..\include\caffe\util\format.hpp">
      <Filter>header\util</Filter>
    </ClInclude>
    <ClInclude Include="..\..\include\caffe\util\gpu_util.cuh">
      <Filter>header\util</Filter>
    </ClInclude>
    <ClInclude Include="..\..\include\caffe\util\hdf5.hpp">
      <Filter>header\util</Filter>
    </ClInclude>
    <ClInclude Include="..\..\include\caffe\util\im2col.hpp">
      <Filter>header\util</Filter>
    </ClInclude>
    <ClInclude Include="..\..\include\caffe\util\insert_splits.hpp">
      <Filter>header\util</Filter>
    </ClInclude>
    <ClInclude Include="..\..\include\caffe\util\io.hpp">
      <Filter>header\util</Filter>
    </ClInclude>
    <ClInclude Include="..\..\include\caffe\util\math_functions.hpp">
      <Filter>header\util</Filter>
    </ClInclude>
    <ClInclude Include="..\..\include\caffe\util\mkl_alternate.hpp">
      <Filter>header\util</Filter>
    </ClInclude>
    <ClInclude Include="..\..\include\caffe\util\rng.hpp">
      <Filter>header\util</Filter>
    </ClInclude>
    <ClInclude Include="..\..\include\caffe\util\signal_handler.h">
      <Filter>header\util</Filter>
    </ClInclude>
    <ClInclude Include="..\..\include\caffe\util\upgrade_proto.hpp">
      <Filter>header\util</Filter>
    </ClInclude>
    <ClInclude Include="..\..\include\caffe\util\benchmark.hpp">
      <Filter>header\util</Filter>
    </ClInclude>
    <ClInclude Include="..\..\include\caffe\util\blocking_queue.hpp">
      <Filter>header\util</Filter>
    </ClInclude>
    <ClInclude Include="..\..\include\caffe\util\cudnn.hpp">
      <Filter>header\util</Filter>
    </ClInclude>
    <ClInclude Include="..\..\include\caffe\util\db.hpp">
      <Filter>header\util</Filter>
    </ClInclude>
    <ClInclude Include="..\..\include\caffe\util\db_leveldb.hpp">
      <Filter>header\util</Filter>
    </ClInclude>
    <ClInclude Include="..\..\include\caffe\util\db_lmdb.hpp">
      <Filter>header\util</Filter>
    </ClInclude>
    <ClInclude Include="..\..\include\caffe\util\device_alternate.hpp">
      <Filter>header\util</Filter>
    </ClInclude>
    <ClInclude Include="..\..\include\caffe\layers\batch_norm_layer.hpp">
      <Filter>header\layers</Filter>
    </ClInclude>
    <ClInclude Include="..\..\include\caffe\layers\batch_reindex_layer.hpp">
      <Filter>header\layers</Filter>
    </ClInclude>
    <ClInclude Include="..\..\include\caffe\layers\bias_layer.hpp">
      <Filter>header\layers</Filter>
    </ClInclude>
    <ClInclude Include="..\..\include\caffe\layers\bnll_layer.hpp">
      <Filter>header\layers</Filter>
    </ClInclude>
    <ClInclude Include="..\..\include\caffe\layers\concat_layer.hpp">
      <Filter>header\layers</Filter>
    </ClInclude>
    <ClInclude Include="..\..\include\caffe\layers\contrastive_loss_layer.hpp">
      <Filter>header\layers</Filter>
    </ClInclude>
    <ClInclude Include="..\..\include\caffe\layers\conv_layer.hpp">
      <Filter>header\layers</Filter>
    </ClInclude>
    <ClInclude Include="..\..\include\caffe\layers\cudnn_conv_layer.hpp">
      <Filter>header\layers</Filter>
    </ClInclude>
    <ClInclude Include="..\..\include\caffe\layers\cudnn_lcn_layer.hpp">
      <Filter>header\layers</Filter>
    </ClInclude>
    <ClInclude Include="..\..\include\caffe\layers\cudnn_lrn_layer.hpp">
      <Filter>header\layers</Filter>
    </ClInclude>
    <ClInclude Include="..\..\include\caffe\layers\cudnn_pooling_layer.hpp">
      <Filter>header\layers</Filter>
    </ClInclude>
    <ClInclude Include="..\..\include\caffe\layers\cudnn_relu_layer.hpp">
      <Filter>header\layers</Filter>
    </ClInclude>
    <ClInclude Include="..\..\include\caffe\layers\cudnn_sigmoid_layer.hpp">
      <Filter>header\layers</Filter>
    </ClInclude>
    <ClInclude Include="..\..\include\caffe\layers\cudnn_softmax_layer.hpp">
      <Filter>header\layers</Filter>
    </ClInclude>
    <ClInclude Include="..\..\include\caffe\layers\cudnn_tanh_layer.hpp">
      <Filter>header\layers</Filter>
    </ClInclude>
    <ClInclude Include="..\..\include\caffe\layers\data_layer.hpp">
      <Filter>header\layers</Filter>
    </ClInclude>
    <ClInclude Include="..\..\include\caffe\layers\deconv_layer.hpp">
      <Filter>header\layers</Filter>
    </ClInclude>
    <ClInclude Include="..\..\include\caffe\layers\dropout_layer.hpp">
      <Filter>header\layers</Filter>
    </ClInclude>
    <ClInclude Include="..\..\include\caffe\layers\dummy_data_layer.hpp">
      <Filter>header\layers</Filter>
    </ClInclude>
    <ClInclude Include="..\..\include\caffe\layers\eltwise_layer.hpp">
      <Filter>header\layers</Filter>
    </ClInclude>
    <ClInclude Include="..\..\include\caffe\layers\elu_layer.hpp">
      <Filter>header\layers</Filter>
    </ClInclude>
    <ClInclude Include="..\..\include\caffe\layers\embed_layer.hpp">
      <Filter>header\layers</Filter>
    </ClInclude>
    <ClInclude Include="..\..\include\caffe\layers\euclidean_loss_layer.hpp">
      <Filter>header\layers</Filter>
    </ClInclude>
    <ClInclude Include="..\..\include\caffe\layers\exp_layer.hpp">
      <Filter>header\layers</Filter>
    </ClInclude>
    <ClInclude Include="..\..\include\caffe\layers\filter_layer.hpp">
      <Filter>header\layers</Filter>
    </ClInclude>
    <ClInclude Include="..\..\include\caffe\layers\flatten_layer.hpp">
      <Filter>header\layers</Filter>
    </ClInclude>
    <ClInclude Include="..\..\include\caffe\layers\hdf5_data_layer.hpp">
      <Filter>header\layers</Filter>
    </ClInclude>
    <ClInclude Include="..\..\include\caffe\layers\hdf5_output_layer.hpp">
      <Filter>header\layers</Filter>
    </ClInclude>
    <ClInclude Include="..\..\include\caffe\layers\hinge_loss_layer.hpp">
      <Filter>header\layers</Filter>
    </ClInclude>
    <ClInclude Include="..\..\include\caffe\layers\im2col_layer.hpp">
      <Filter>header\layers</Filter>
    </ClInclude>
    <ClInclude Include="..\..\include\caffe\layers\image_data_layer.hpp">
      <Filter>header\layers</Filter>
    </ClInclude>
    <ClInclude Include="..\..\include\caffe\layers\infogain_loss_layer.hpp">
      <Filter>header\layers</Filter>
    </ClInclude>
    <ClInclude Include="..\..\include\caffe\layers\inner_product_layer.hpp">
      <Filter>header\layers</Filter>
    </ClInclude>
    <ClInclude Include="..\..\include\caffe\layers\log_layer.hpp">
      <Filter>header\layers</Filter>
    </ClInclude>
    <ClInclude Include="..\..\include\caffe\layers\loss_layer.hpp">
      <Filter>header\layers</Filter>
    </ClInclude>
    <ClInclude Include="..\..\include\caffe\layers\lrn_layer.hpp">
      <Filter>header\layers</Filter>
    </ClInclude>
    <ClInclude Include="..\..\include\caffe\layers\memory_data_layer.hpp">
      <Filter>header\layers</Filter>
    </ClInclude>
    <ClInclude Include="..\..\include\caffe\layers\multinomial_logistic_loss_layer.hpp">
      <Filter>header\layers</Filter>
    </ClInclude>
    <ClInclude Include="..\..\include\caffe\layers\mvn_layer.hpp">
      <Filter>header\layers</Filter>
    </ClInclude>
    <ClInclude Include="..\..\include\caffe\layers\neuron_layer.hpp">
      <Filter>header\layers</Filter>
    </ClInclude>
    <ClInclude Include="..\..\include\caffe\layers\pooling_layer.hpp">
      <Filter>header\layers</Filter>
    </ClInclude>
    <ClInclude Include="..\..\include\caffe\layers\power_layer.hpp">
      <Filter>header\layers</Filter>
    </ClInclude>
    <ClInclude Include="..\..\include\caffe\layers\prelu_layer.hpp">
      <Filter>header\layers</Filter>
    </ClInclude>
    <ClInclude Include="..\..\include\caffe\layers\python_layer.hpp">
      <Filter>header\layers</Filter>
    </ClInclude>
    <ClInclude Include="..\..\include\caffe\layers\reduction_layer.hpp">
      <Filter>header\layers</Filter>
    </ClInclude>
    <ClInclude Include="..\..\include\caffe\layers\relu_layer.hpp">
      <Filter>header\layers</Filter>
    </ClInclude>
    <ClInclude Include="..\..\include\caffe\layers\reshape_layer.hpp">
      <Filter>header\layers</Filter>
    </ClInclude>
    <ClInclude Include="..\..\include\caffe\layers\scale_layer.hpp">
      <Filter>header\layers</Filter>
    </ClInclude>
    <ClInclude Include="..\..\include\caffe\layers\sigmoid_cross_entropy_loss_layer.hpp">
      <Filter>header\layers</Filter>
    </ClInclude>
    <ClInclude Include="..\..\include\caffe\layers\sigmoid_layer.hpp">
      <Filter>header\layers</Filter>
    </ClInclude>
    <ClInclude Include="..\..\include\caffe\layers\silence_layer.hpp">
      <Filter>header\layers</Filter>
    </ClInclude>
    <ClInclude Include="..\..\include\caffe\layers\slice_layer.hpp">
      <Filter>header\layers</Filter>
    </ClInclude>
    <ClInclude Include="..\..\include\caffe\layers\softmax_layer.hpp">
      <Filter>header\layers</Filter>
    </ClInclude>
    <ClInclude Include="..\..\include\caffe\layers\softmax_loss_layer.hpp">
      <Filter>header\layers</Filter>
    </ClInclude>
    <ClInclude Include="..\..\include\caffe\layers\split_layer.hpp">
      <Filter>header\layers</Filter>
    </ClInclude>
    <ClInclude Include="..\..\include\caffe\layers\spp_layer.hpp">
      <Filter>header\layers</Filter>
    </ClInclude>
    <ClInclude Include="..\..\include\caffe\layers\tanh_layer.hpp">
      <Filter>header\layers</Filter>
    </ClInclude>
    <ClInclude Include="..\..\include\caffe\layers\threshold_layer.hpp">
      <Filter>header\layers</Filter>
    </ClInclude>
    <ClInclude Include="..\..\include\caffe\layers\tile_layer.hpp">
      <Filter>header\layers</Filter>
    </ClInclude>
    <ClInclude Include="..\..\include\caffe\layers\window_data_layer.hpp">
      <Filter>header\layers</Filter>
    </ClInclude>
    <ClInclude Include="..\..\include\caffe\layers\absval_layer.hpp">
      <Filter>header\layers</Filter>
    </ClInclude>
    <ClInclude Include="..\..\include\caffe\layers\accuracy_layer.hpp">
      <Filter>header\layers</Filter>
    </ClInclude>
    <ClInclude Include="..\..\include\caffe\layers\argmax_layer.hpp">
      <Filter>header\layers</Filter>
    </ClInclude>
    <ClInclude Include="..\..\include\caffe\layers\base_conv_layer.hpp">
      <Filter>header\layers</Filter>
    </ClInclude>
    <ClInclude Include="..\..\include\caffe\layers\base_data_layer.hpp">
      <Filter>header\layers</Filter>
    </ClInclude>
    <ClInclude Include="..\..\include\caffe\parallel.hpp">
      <Filter>header</Filter>
    </ClInclude>
    <ClInclude Include="..\..\include\caffe\sgd_solvers.hpp">
      <Filter>header</Filter>
    </ClInclude>
    <ClInclude Include="..\..\include\caffe\solver.hpp">
      <Filter>header</Filter>
    </ClInclude>
    <ClInclude Include="..\..\include\caffe\solver_factory.hpp">
      <Filter>header</Filter>
    </ClInclude>
    <ClInclude Include="..\..\include\caffe\syncedmem.hpp">
      <Filter>header</Filter>
    </ClInclude>
    <ClInclude Include="..\..\include\caffe\blob.hpp">
      <Filter>header</Filter>
    </ClInclude>
    <ClInclude Include="..\..\include\caffe\caffe.hpp">
      <Filter>header</Filter>
    </ClInclude>
    <ClInclude Include="..\..\include\caffe\common.hpp">
      <Filter>header</Filter>
    </ClInclude>
    <ClInclude Include="..\..\include\caffe\custom_layers.hpp">
      <Filter>header</Filter>
    </ClInclude>
    <ClInclude Include="..\..\include\caffe\data_reader.hpp">
      <Filter>header</Filter>
    </ClInclude>
    <ClInclude Include="..\..\include\caffe\data_transformer.hpp">
      <Filter>header</Filter>
    </ClInclude>
    <ClInclude Include="..\..\include\caffe\filler.hpp">
      <Filter>header</Filter>
    </ClInclude>
    <ClInclude Include="..\..\include\caffe\internal_thread.hpp">
      <Filter>header</Filter>
    </ClInclude>
    <ClInclude Include="..\..\include\caffe\layer.hpp">
      <Filter>header</Filter>
    </ClInclude>
    <ClInclude Include="..\..\include\caffe\layer_factory.hpp">
      <Filter>header</Filter>
    </ClInclude>
    <ClInclude Include="..\..\include\caffe\net.hpp">
      <Filter>header</Filter>
    </ClInclude>
    <ClInclude Include="..\..\include\caffe\layers\hotspot_layer.hpp">
      <Filter>header\layers</Filter>
    </ClInclude>
  </ItemGroup>
  <ItemGroup>
    <Filter Include="header">
      <UniqueIdentifier>{f42c3e60-9305-4fe6-98c3-0f459ab94e54}</UniqueIdentifier>
    </Filter>
    <Filter Include="header\util">
      <UniqueIdentifier>{57ab0cc8-8ae4-4d50-90c9-8cf0e6b6b77c}</UniqueIdentifier>
    </Filter>
    <Filter Include="util">
      <UniqueIdentifier>{001bcf3b-934a-4269-aa01-6ca730817843}</UniqueIdentifier>
    </Filter>
    <Filter Include="layers">
      <UniqueIdentifier>{0b32de0e-9c30-42b8-a159-884f1872e752}</UniqueIdentifier>
    </Filter>
    <Filter Include="proto">
      <UniqueIdentifier>{39fb8fd4-f26c-4c4d-93ad-43f683e2419d}</UniqueIdentifier>
    </Filter>
    <Filter Include="solvers">
      <UniqueIdentifier>{0901b65d-3ad6-4f6a-a515-bda2be2cac81}</UniqueIdentifier>
    </Filter>
    <Filter Include="header\layers">
      <UniqueIdentifier>{ca4bab79-2cd1-4d72-8a62-43f61fe3319e}</UniqueIdentifier>
    </Filter>
  </ItemGroup>
  <ItemGroup>
    <CudaCompile Include="..\..\src\caffe\util\im2col.cu">
      <Filter>util</Filter>
    </CudaCompile>
    <CudaCompile Include="..\..\src\caffe\util\math_functions.cu">
      <Filter>util</Filter>
    </CudaCompile>
    <CudaCompile Include="..\..\src\caffe\layers\batch_norm_layer.cu">
      <Filter>layers</Filter>
    </CudaCompile>
    <CudaCompile Include="..\..\src\caffe\layers\batch_reindex_layer.cu">
      <Filter>layers</Filter>
    </CudaCompile>
    <CudaCompile Include="..\..\src\caffe\layers\bias_layer.cu">
      <Filter>layers</Filter>
    </CudaCompile>
    <CudaCompile Include="..\..\src\caffe\layers\bn_layer.cu">
      <Filter>layers</Filter>
    </CudaCompile>
    <CudaCompile Include="..\..\src\caffe\layers\bnll_layer.cu">
      <Filter>layers</Filter>
    </CudaCompile>
    <CudaCompile Include="..\..\src\caffe\layers\concat_layer.cu">
      <Filter>layers</Filter>
    </CudaCompile>
    <CudaCompile Include="..\..\src\caffe\layers\contrastive_loss_layer.cu">
      <Filter>layers</Filter>
    </CudaCompile>
    <CudaCompile Include="..\..\src\caffe\layers\conv_layer.cu">
      <Filter>layers</Filter>
    </CudaCompile>
    <CudaCompile Include="..\..\src\caffe\layers\cudnn_conv_layer.cu">
      <Filter>layers</Filter>
    </CudaCompile>
    <CudaCompile Include="..\..\src\caffe\layers\cudnn_lcn_layer.cu">
      <Filter>layers</Filter>
    </CudaCompile>
    <CudaCompile Include="..\..\src\caffe\layers\cudnn_lrn_layer.cu">
      <Filter>layers</Filter>
    </CudaCompile>
    <CudaCompile Include="..\..\src\caffe\layers\cudnn_pooling_layer.cu">
      <Filter>layers</Filter>
    </CudaCompile>
    <CudaCompile Include="..\..\src\caffe\layers\cudnn_relu_layer.cu">
      <Filter>layers</Filter>
    </CudaCompile>
    <CudaCompile Include="..\..\src\caffe\layers\cudnn_sigmoid_layer.cu">
      <Filter>layers</Filter>
    </CudaCompile>
    <CudaCompile Include="..\..\src\caffe\layers\cudnn_softmax_layer.cu">
      <Filter>layers</Filter>
    </CudaCompile>
    <CudaCompile Include="..\..\src\caffe\layers\cudnn_tanh_layer.cu">
      <Filter>layers</Filter>
    </CudaCompile>
    <CudaCompile Include="..\..\src\caffe\layers\deconv_layer.cu">
      <Filter>layers</Filter>
    </CudaCompile>
    <CudaCompile Include="..\..\src\caffe\layers\dropout_layer.cu">
      <Filter>layers</Filter>
    </CudaCompile>
    <CudaCompile Include="..\..\src\caffe\layers\eltwise_layer.cu">
      <Filter>layers</Filter>
    </CudaCompile>
    <CudaCompile Include="..\..\src\caffe\layers\elu_layer.cu">
      <Filter>layers</Filter>
    </CudaCompile>
    <CudaCompile Include="..\..\src\caffe\layers\embed_layer.cu">
      <Filter>layers</Filter>
    </CudaCompile>
    <CudaCompile Include="..\..\src\caffe\layers\euclidean_loss_layer.cu">
      <Filter>layers</Filter>
    </CudaCompile>
    <CudaCompile Include="..\..\src\caffe\layers\exp_layer.cu">
      <Filter>layers</Filter>
    </CudaCompile>
    <CudaCompile Include="..\..\src\caffe\layers\filter_layer.cu">
      <Filter>layers</Filter>
    </CudaCompile>
    <CudaCompile Include="..\..\src\caffe\layers\gram_layer.cu">
      <Filter>layers</Filter>
    </CudaCompile>
    <CudaCompile Include="..\..\src\caffe\layers\hdf5_data_layer.cu">
      <Filter>layers</Filter>
    </CudaCompile>
    <CudaCompile Include="..\..\src\caffe\layers\hdf5_output_layer.cu">
      <Filter>layers</Filter>
    </CudaCompile>
    <CudaCompile Include="..\..\src\caffe\layers\im2col_layer.cu">
      <Filter>layers</Filter>
    </CudaCompile>
    <CudaCompile Include="..\..\src\caffe\layers\inner_product_layer.cu">
      <Filter>layers</Filter>
    </CudaCompile>
    <CudaCompile Include="..\..\src\caffe\layers\insanity_layer.cu">
      <Filter>layers</Filter>
    </CudaCompile>
    <CudaCompile Include="..\..\src\caffe\layers\local_layer.cu">
      <Filter>layers</Filter>
    </CudaCompile>
    <CudaCompile Include="..\..\src\caffe\layers\log_layer.cu">
      <Filter>layers</Filter>
    </CudaCompile>
    <CudaCompile Include="..\..\src\caffe\layers\lrn_layer.cu">
      <Filter>layers</Filter>
    </CudaCompile>
    <CudaCompile Include="..\..\src\caffe\layers\mvn_layer.cu">
      <Filter>layers</Filter>
    </CudaCompile>
    <CudaCompile Include="..\..\src\caffe\layers\noise_layer.cu">
      <Filter>layers</Filter>
    </CudaCompile>
    <CudaCompile Include="..\..\src\caffe\layers\normalize_layer.cu">
      <Filter>layers</Filter>
    </CudaCompile>
    <CudaCompile Include="..\..\src\caffe\layers\pooling_layer.cu">
      <Filter>layers</Filter>
    </CudaCompile>
    <CudaCompile Include="..\..\src\caffe\layers\power_layer.cu">
      <Filter>layers</Filter>
    </CudaCompile>
    <CudaCompile Include="..\..\src\caffe\layers\prelu_layer.cu">
      <Filter>layers</Filter>
    </CudaCompile>
    <CudaCompile Include="..\..\src\caffe\layers\reduction_layer.cu">
      <Filter>layers</Filter>
    </CudaCompile>
    <CudaCompile Include="..\..\src\caffe\layers\relu_layer.cu">
      <Filter>layers</Filter>
    </CudaCompile>
    <CudaCompile Include="..\..\src\caffe\layers\roi_pooling_layer.cu">
      <Filter>layers</Filter>
    </CudaCompile>
    <CudaCompile Include="..\..\src\caffe\layers\scale_layer.cu">
      <Filter>layers</Filter>
    </CudaCompile>
    <CudaCompile Include="..\..\src\caffe\layers\sigmoid_cross_entropy_loss_layer.cu">
      <Filter>layers</Filter>
    </CudaCompile>
    <CudaCompile Include="..\..\src\caffe\layers\sigmoid_layer.cu">
      <Filter>layers</Filter>
    </CudaCompile>
    <CudaCompile Include="..\..\src\caffe\layers\silence_layer.cu">
      <Filter>layers</Filter>
    </CudaCompile>
    <CudaCompile Include="..\..\src\caffe\layers\slice_layer.cu">
      <Filter>layers</Filter>
    </CudaCompile>
    <CudaCompile Include="..\..\src\caffe\layers\smooth_L1_loss_layer.cu">
      <Filter>layers</Filter>
    </CudaCompile>
    <CudaCompile Include="..\..\src\caffe\layers\softmax_layer.cu">
      <Filter>layers</Filter>
    </CudaCompile>
    <CudaCompile Include="..\..\src\caffe\layers\softmax_loss_layer.cu">
      <Filter>layers</Filter>
    </CudaCompile>
    <CudaCompile Include="..\..\src\caffe\layers\split_layer.cu">
      <Filter>layers</Filter>
    </CudaCompile>
    <CudaCompile Include="..\..\src\caffe\layers\subregion_layer.cu">
      <Filter>layers</Filter>
    </CudaCompile>
    <CudaCompile Include="..\..\src\caffe\layers\tanh_layer.cu">
      <Filter>layers</Filter>
    </CudaCompile>
    <CudaCompile Include="..\..\src\caffe\layers\threshold_layer.cu">
      <Filter>layers</Filter>
    </CudaCompile>
    <CudaCompile Include="..\..\src\caffe\layers\tile_layer.cu">
      <Filter>layers</Filter>
    </CudaCompile>
    <CudaCompile Include="..\..\src\caffe\layers\transformer_layer.cu">
      <Filter>layers</Filter>
    </CudaCompile>
    <CudaCompile Include="..\..\src\caffe\layers\triplet_loss_layer.cu">
      <Filter>layers</Filter>
    </CudaCompile>
    <CudaCompile Include="..\..\src\caffe\layers\absval_layer.cu">
      <Filter>layers</Filter>
    </CudaCompile>
    <CudaCompile Include="..\..\src\caffe\layers\base_data_layer.cu">
      <Filter>layers</Filter>
    </CudaCompile>
    <CudaCompile Include="..\..\src\caffe\solvers\rmsprop_solver.cu">
      <Filter>solvers</Filter>
    </CudaCompile>
    <CudaCompile Include="..\..\src\caffe\solvers\sgd_solver.cu">
      <Filter>solvers</Filter>
    </CudaCompile>
    <CudaCompile Include="..\..\src\caffe\solvers\adadelta_solver.cu">
      <Filter>solvers</Filter>
    </CudaCompile>
    <CudaCompile Include="..\..\src\caffe\solvers\adagrad_solver.cu">
      <Filter>solvers</Filter>
    </CudaCompile>
    <CudaCompile Include="..\..\src\caffe\solvers\adam_solver.cu">
      <Filter>solvers</Filter>
    </CudaCompile>
    <CudaCompile Include="..\..\src\caffe\solvers\nesterov_solver.cu">
      <Filter>solvers</Filter>
    </CudaCompile>
    <CudaCompile Include="..\..\src\caffe\layers\hotspot_layer.cu">
      <Filter>layers</Filter>
    </CudaCompile>
  </ItemGroup>
  <ItemGroup>
    <Text Include="..\..\src\caffe\CMakeLists.txt" />
  </ItemGroup>
</Project>